
Microsoft Visual Studio Solution File, Format Version 12.00
# Visual Studio Version 16
VisualStudioVersion = 16.0.31410.223
MinimumVisualStudioVersion = 10.0.40219.1
Project("{FAE04EC0-301F-11D3-BF4B-00C04F79EFBC}") = "HelloWorld", "HelloWorld.csproj", "{0DFCB9D6-2E32-426C-AC63-ACA267816C10}"
EndProject
Global
	GlobalSection(SolutionConfigurationPlatforms) = preSolution
		Debug|Any CPU = Debug|Any CPU
		Release|Any CPU = Release|Any CPU
	EndGlobalSection
	GlobalSection(ProjectConfigurationPlatforms) = postSolution
		{0DFCB9D6-2E32-426C-AC63-ACA267816C10}.Debug|Any CPU.ActiveCfg = Debug|Any CPU
		{0DFCB9D6-2E32-426C-AC63-ACA267816C10}.Debug|Any CPU.Build.0 = Debug|Any CPU
		{0DFCB9D6-2E32-426C-AC63-ACA267816C10}.Release|Any CPU.ActiveCfg = Release|Any CPU
		{0DFCB9D6-2E32-426C-AC63-ACA267816C10}.Release|Any CPU.Build.0 = Release|Any CPU
	EndGlobalSection
	GlobalSection(SolutionProperties) = preSolution
		HideSolutionNode = FALSE
	EndGlobalSection
	GlobalSection(ExtensibilityGlobals) = postSolution
		SolutionGuid = {545146B6-286D-447C-A8D5-2948525D7FE4}
	EndGlobalSection
EndGlobal
